
Microsoft Visual Studio Solution File, Format Version 12.00
# Visual Studio Version 16
VisualStudioVersion = 16.0.32901.82
MinimumVisualStudioVersion = 10.0.40219.1
Project("{9A19103F-16F7-4668-BE54-9A1E7A4F7556}") = "HotelApplication", "HotelApplication.csproj", "{B6C5ABD3-3B46-425F-81BC-A9C6DFC5C37B}"
EndProject
Global
	GlobalSection(SolutionConfigurationPlatforms) = preSolution
		Debug|Any CPU = Debug|Any CPU
		Release|Any CPU = Release|Any CPU
	EndGlobalSection
	GlobalSection(ProjectConfigurationPlatforms) = postSolution
		{B6C5ABD3-3B46-425F-81BC-A9C6DFC5C37B}.Debug|Any CPU.ActiveCfg = Debug|Any CPU
		{B6C5ABD3-3B46-425F-81BC-A9C6DFC5C37B}.Debug|Any CPU.Build.0 = Debug|Any CPU
		{B6C5ABD3-3B46-425F-81BC-A9C6DFC5C37B}.Release|Any CPU.ActiveCfg = Release|Any CPU
		{B6C5ABD3-3B46-425F-81BC-A9C6DFC5C37B}.Release|Any CPU.Build.0 = Release|Any CPU
	EndGlobalSection
	GlobalSection(SolutionProperties) = preSolution
		HideSolutionNode = FALSE
	EndGlobalSection
	GlobalSection(ExtensibilityGlobals) = postSolution
		SolutionGuid = {C212A536-CFA6-4234-A3F8-4C4A7237388C}
	EndGlobalSection
EndGlobal
